
Microsoft Visual Studio Solution File, Format Version 12.00
# Visual Studio 15
VisualStudioVersion = 15.0.26403.7
MinimumVisualStudioVersion = 10.0.40219.1
Project("{FAE04EC0-301F-11D3-BF4B-00C04F79EFBC}") = "Softcore.Xml", "Softcore.Xml.csproj", "{1014AFD1-C1AE-4B9D-94A6-35D799AF364E}"
EndProject
Global
	GlobalSection(SolutionConfigurationPlatforms) = preSolution
		Debug|Any CPU = Debug|Any CPU
		Release|Any CPU = Release|Any CPU
	EndGlobalSection
	GlobalSection(ProjectConfigurationPlatforms) = postSolution
		{1014AFD1-C1AE-4B9D-94A6-35D799AF364E}.Debug|Any CPU.ActiveCfg = Debug|Any CPU
		{1014AFD1-C1AE-4B9D-94A6-35D799AF364E}.Debug|Any CPU.Build.0 = Debug|Any CPU
		{1014AFD1-C1AE-4B9D-94A6-35D799AF364E}.Release|Any CPU.ActiveCfg = Release|Any CPU
		{1014AFD1-C1AE-4B9D-94A6-35D799AF364E}.Release|Any CPU.Build.0 = Release|Any CPU
	EndGlobalSection
	GlobalSection(SolutionProperties) = preSolution
		HideSolutionNode = FALSE
	EndGlobalSection
EndGlobal
